
Microsoft Visual Studio Solution File, Format Version 12.00
# Visual Studio 14
VisualStudioVersion = 14.0.23107.0
MinimumVisualStudioVersion = 10.0.40219.1
Project("{FAE04EC0-301F-11D3-BF4B-00C04F79EFBC}") = "DVDLibrary.UI", "DVDLibrary.UI\DVDLibrary.UI.csproj", "{70E19D47-F021-4882-B119-09B1B2144411}"
EndProject
Project("{FAE04EC0-301F-11D3-BF4B-00C04F79EFBC}") = "DVDLibrary.Models", "DVDLibrary.Models\DVDLibrary.Models.csproj", "{B9011BA9-7E07-4B54-B9A4-396A769C3FF9}"
EndProject
Project("{FAE04EC0-301F-11D3-BF4B-00C04F79EFBC}") = "DVDLibrary.BLL", "DVDLibrary.BLL\DVDLibrary.BLL.csproj", "{08F55484-6CF4-4FEB-A1AD-4C4E0258A0D7}"
EndProject
Project("{FAE04EC0-301F-11D3-BF4B-00C04F79EFBC}") = "DVDLibrary.Data", "DVDLibrary.Data\DVDLibrary.Data.csproj", "{EE516E01-95EE-4757-A64A-485E60D418EC}"
EndProject
Project("{FAE04EC0-301F-11D3-BF4B-00C04F79EFBC}") = "DVDLibrary.Tests", "DVDLibrary.Tests\DVDLibrary.Tests.csproj", "{DF083CEE-A257-4115-AE03-F6AC86E3ECFE}"
EndProject
Global
	GlobalSection(SolutionConfigurationPlatforms) = preSolution
		Debug|Any CPU = Debug|Any CPU
		Release|Any CPU = Release|Any CPU
	EndGlobalSection
	GlobalSection(ProjectConfigurationPlatforms) = postSolution
		{70E19D47-F021-4882-B119-09B1B2144411}.Debug|Any CPU.ActiveCfg = Debug|Any CPU
		{70E19D47-F021-4882-B119-09B1B2144411}.Debug|Any CPU.Build.0 = Debug|Any CPU
		{70E19D47-F021-4882-B119-09B1B2144411}.Release|Any CPU.ActiveCfg = Release|Any CPU
		{70E19D47-F021-4882-B119-09B1B2144411}.Release|Any CPU.Build.0 = Release|Any CPU
		{B9011BA9-7E07-4B54-B9A4-396A769C3FF9}.Debug|Any CPU.ActiveCfg = Debug|Any CPU
		{B9011BA9-7E07-4B54-B9A4-396A769C3FF9}.Debug|Any CPU.Build.0 = Debug|Any CPU
		{B9011BA9-7E07-4B54-B9A4-396A769C3FF9}.Release|Any CPU.ActiveCfg = Release|Any CPU
		{B9011BA9-7E07-4B54-B9A4-396A769C3FF9}.Release|Any CPU.Build.0 = Release|Any CPU
		{08F55484-6CF4-4FEB-A1AD-4C4E0258A0D7}.Debug|Any CPU.ActiveCfg = Debug|Any CPU
		{08F55484-6CF4-4FEB-A1AD-4C4E0258A0D7}.Debug|Any CPU.Build.0 = Debug|Any CPU
		{08F55484-6CF4-4FEB-A1AD-4C4E0258A0D7}.Release|Any CPU.ActiveCfg = Release|Any CPU
		{08F55484-6CF4-4FEB-A1AD-4C4E0258A0D7}.Release|Any CPU.Build.0 = Release|Any CPU
		{EE516E01-95EE-4757-A64A-485E60D418EC}.Debug|Any CPU.ActiveCfg = Debug|Any CPU
		{EE516E01-95EE-4757-A64A-485E60D418EC}.Debug|Any CPU.Build.0 = Debug|Any CPU
		{EE516E01-95EE-4757-A64A-485E60D418EC}.Release|Any CPU.ActiveCfg = Release|Any CPU
		{EE516E01-95EE-4757-A64A-485E60D418EC}.Release|Any CPU.Build.0 = Release|Any CPU
		{DF083CEE-A257-4115-AE03-F6AC86E3ECFE}.Debug|Any CPU.ActiveCfg = Debug|Any CPU
		{DF083CEE-A257-4115-AE03-F6AC86E3ECFE}.Debug|Any CPU.Build.0 = Debug|Any CPU
		{DF083CEE-A257-4115-AE03-F6AC86E3ECFE}.Release|Any CPU.ActiveCfg = Release|Any CPU
		{DF083CEE-A257-4115-AE03-F6AC86E3ECFE}.Release|Any CPU.Build.0 = Release|Any CPU
	EndGlobalSection
	GlobalSection(SolutionProperties) = preSolution
		HideSolutionNode = FALSE
	EndGlobalSection
EndGlobal
